// !$*UTF8*$!
{
	archiveVersion = 1;
	classes = {
	};
	objectVersion = 56;
	objects = {

/* Begin PBXBuildFile section */
		DF0D0DFB29D4A222000056CF /* RMCharacterPhotoCollectionViewCell.swift in Sources */ = {isa = PBXBuildFile; fileRef = DF0D0DFA29D4A222000056CF /* RMCharacterPhotoCollectionViewCell.swift */; };
		DF0D0DFD29D4A23C000056CF /* RMCharacterInfoCollectionViewCell.swift in Sources */ = {isa = PBXBuildFile; fileRef = DF0D0DFC29D4A23C000056CF /* RMCharacterInfoCollectionViewCell.swift */; };
		DF0D0DFF29D4A250000056CF /* RMCharacterEpisodeCollectionViewCell.swift in Sources */ = {isa = PBXBuildFile; fileRef = DF0D0DFE29D4A250000056CF /* RMCharacterEpisodeCollectionViewCell.swift */; };
		DF0D0E0229D4A305000056CF /* RMCharacterPhotoCollectionViewCellViewModel.swift in Sources */ = {isa = PBXBuildFile; fileRef = DF0D0E0129D4A305000056CF /* RMCharacterPhotoCollectionViewCellViewModel.swift */; };
		DF0D0E0429D4A314000056CF /* RMCharacterInfoCollectionViewCellViewModel.swift in Sources */ = {isa = PBXBuildFile; fileRef = DF0D0E0329D4A314000056CF /* RMCharacterInfoCollectionViewCellViewModel.swift */; };
		DF0D0E0629D4A327000056CF /* RMCharacterEpisodeCollectionViewCellViewModel.swift in Sources */ = {isa = PBXBuildFile; fileRef = DF0D0E0529D4A327000056CF /* RMCharacterEpisodeCollectionViewCellViewModel.swift */; };
		DF0D6348299F9AB000E9B157 /* RMOrigin.swift in Sources */ = {isa = PBXBuildFile; fileRef = DF0D6347299F9AB000E9B157 /* RMOrigin.swift */; };
		DF0D634A299F9B8500E9B157 /* RMSingleLocation.swift in Sources */ = {isa = PBXBuildFile; fileRef = DF0D6349299F9B8500E9B157 /* RMSingleLocation.swift */; };
		DF0D634C299F9D1500E9B157 /* RMCharacterStatus.swift in Sources */ = {isa = PBXBuildFile; fileRef = DF0D634B299F9D1500E9B157 /* RMCharacterStatus.swift */; };
		DF0D634E299F9D6300E9B157 /* RMCharacterGender.swift in Sources */ = {isa = PBXBuildFile; fileRef = DF0D634D299F9D6300E9B157 /* RMCharacterGender.swift */; };
		DF27557A29AFB079001764DF /* RMFooterLoadingCollectionReusableView.swift in Sources */ = {isa = PBXBuildFile; fileRef = DF27557929AFB079001764DF /* RMFooterLoadingCollectionReusableView.swift */; };
		DF325B5529ABC3CF00A601E5 /* RMGetAllCharactersResponse.swift in Sources */ = {isa = PBXBuildFile; fileRef = DF325B5429ABC3CF00A601E5 /* RMGetAllCharactersResponse.swift */; };
		DF37EEF5299F877E00DB4756 /* RMService.swift in Sources */ = {isa = PBXBuildFile; fileRef = DF37EEF4299F877E00DB4756 /* RMService.swift */; };
		DF37EEF7299F878D00DB4756 /* RMRequest.swift in Sources */ = {isa = PBXBuildFile; fileRef = DF37EEF6299F878D00DB4756 /* RMRequest.swift */; };
		DF37EEF9299F88C400DB4756 /* RMEndpoint.swift in Sources */ = {isa = PBXBuildFile; fileRef = DF37EEF8299F88C400DB4756 /* RMEndpoint.swift */; };
		DF3FDB3929AE8FD80010662E /* RMCharacterDetailViewController.swift in Sources */ = {isa = PBXBuildFile; fileRef = DF3FDB3829AE8FD80010662E /* RMCharacterDetailViewController.swift */; };
		DF3FDB3B29AE90930010662E /* RMCharacterDetailView.swift in Sources */ = {isa = PBXBuildFile; fileRef = DF3FDB3A29AE90930010662E /* RMCharacterDetailView.swift */; };
		DF3FDB3D29AE91010010662E /* RMCharacterDetailViewViewModel.swift in Sources */ = {isa = PBXBuildFile; fileRef = DF3FDB3C29AE91010010662E /* RMCharacterDetailViewViewModel.swift */; };
		DF56B704299AC003007F3DBA /* AppDelegate.swift in Sources */ = {isa = PBXBuildFile; fileRef = DF56B703299AC003007F3DBA /* AppDelegate.swift */; };
		DF56B706299AC003007F3DBA /* SceneDelegate.swift in Sources */ = {isa = PBXBuildFile; fileRef = DF56B705299AC003007F3DBA /* SceneDelegate.swift */; };
		DF56B708299AC003007F3DBA /* RMTabBarController.swift in Sources */ = {isa = PBXBuildFile; fileRef = DF56B707299AC003007F3DBA /* RMTabBarController.swift */; };
		DF56B70D299AC004007F3DBA /* Assets.xcassets in Resources */ = {isa = PBXBuildFile; fileRef = DF56B70C299AC004007F3DBA /* Assets.xcassets */; };
		DF56B710299AC004007F3DBA /* LaunchScreen.storyboard in Resources */ = {isa = PBXBuildFile; fileRef = DF56B70E299AC004007F3DBA /* LaunchScreen.storyboard */; };
		DF56B721299AC275007F3DBA /* RMLocation.swift in Sources */ = {isa = PBXBuildFile; fileRef = DF56B720299AC275007F3DBA /* RMLocation.swift */; };
		DF56B723299AC28A007F3DBA /* RMCharacter.swift in Sources */ = {isa = PBXBuildFile; fileRef = DF56B722299AC28A007F3DBA /* RMCharacter.swift */; };
		DF56B725299AC299007F3DBA /* RMEpisode.swift in Sources */ = {isa = PBXBuildFile; fileRef = DF56B724299AC299007F3DBA /* RMEpisode.swift */; };
		DF56B72A299AC37C007F3DBA /* RMCharacterViewController.swift in Sources */ = {isa = PBXBuildFile; fileRef = DF56B729299AC37C007F3DBA /* RMCharacterViewController.swift */; };
		DF56B72C299AC398007F3DBA /* RMLocationViewController.swift in Sources */ = {isa = PBXBuildFile; fileRef = DF56B72B299AC398007F3DBA /* RMLocationViewController.swift */; };
		DF56B72E299AC3AC007F3DBA /* RMEpisodeViewController.swift in Sources */ = {isa = PBXBuildFile; fileRef = DF56B72D299AC3AC007F3DBA /* RMEpisodeViewController.swift */; };
		DF56B730299AC3CE007F3DBA /* RMSettingsViewController.swift in Sources */ = {isa = PBXBuildFile; fileRef = DF56B72F299AC3CE007F3DBA /* RMSettingsViewController.swift */; };
		DF7EB96C29AE2C97003876D9 /* RMCharacterCollectionViewCell.swift in Sources */ = {isa = PBXBuildFile; fileRef = DF7EB96B29AE2C97003876D9 /* RMCharacterCollectionViewCell.swift */; };
		DF7EB96E29AE2E84003876D9 /* RMCharacterCollectionViewCellViewModel.swift in Sources */ = {isa = PBXBuildFile; fileRef = DF7EB96D29AE2E84003876D9 /* RMCharacterCollectionViewCellViewModel.swift */; };
		DFB2F39B29DD5C6D002D3EB0 /* RMEpisodeListView.swift in Sources */ = {isa = PBXBuildFile; fileRef = DFB2F39A29DD5C6D002D3EB0 /* RMEpisodeListView.swift */; };
		DFB2F39D29DD5FE6002D3EB0 /* RMEpisodeListViewViewModel.swift in Sources */ = {isa = PBXBuildFile; fileRef = DFB2F39C29DD5FE6002D3EB0 /* RMEpisodeListViewViewModel.swift */; };
		DFBBF78529B0C5F000DA7CB9 /* RMImageLoader.swift in Sources */ = {isa = PBXBuildFile; fileRef = DFBBF78429B0C5F000DA7CB9 /* RMImageLoader.swift */; };
		DFCBEEE829AD261800A0B7B7 /* RMCharacterListViewViewModel.swift in Sources */ = {isa = PBXBuildFile; fileRef = DFCBEEE729AD261800A0B7B7 /* RMCharacterListViewViewModel.swift */; };
		DFCBEEEA29AD272600A0B7B7 /* RMCharacterListView.swift in Sources */ = {isa = PBXBuildFile; fileRef = DFCBEEE929AD272600A0B7B7 /* RMCharacterListView.swift */; };
		DFCBEEED29AD28AE00A0B7B7 /* Extensions.swift in Sources */ = {isa = PBXBuildFile; fileRef = DFCBEEEC29AD28AE00A0B7B7 /* Extensions.swift */; };
		DFDA0FF529DC958000A9DBD0 /* RMEpisodeDetailViewController.swift in Sources */ = {isa = PBXBuildFile; fileRef = DFDA0FF429DC958000A9DBD0 /* RMEpisodeDetailViewController.swift */; };
		DFDA0FF729DC9DEE00A9DBD0 /* RMAPICacheManager.swift in Sources */ = {isa = PBXBuildFile; fileRef = DFDA0FF629DC9DEE00A9DBD0 /* RMAPICacheManager.swift */; };
		DFDA0FF929DCA6B200A9DBD0 /* RMEpisodeDetailViewViewModel.swift in Sources */ = {isa = PBXBuildFile; fileRef = DFDA0FF829DCA6B200A9DBD0 /* RMEpisodeDetailViewViewModel.swift */; };
		DFDA0FFB29DCA73000A9DBD0 /* RMEpisodeDetailView.swift in Sources */ = {isa = PBXBuildFile; fileRef = DFDA0FFA29DCA73000A9DBD0 /* RMEpisodeDetailView.swift */; };
		DFF1170729E80BA400D04FBD /* RMSearchViewController.swift in Sources */ = {isa = PBXBuildFile; fileRef = DFF1170629E80BA400D04FBD /* RMSearchViewController.swift */; };
		DFFA7F9829E69CDE006A5810 /* RMGetAllEpisodesResponse.swift in Sources */ = {isa = PBXBuildFile; fileRef = DFFA7F9729E69CDE006A5810 /* RMGetAllEpisodesResponse.swift */; };
/* End PBXBuildFile section */

/* Begin PBXFileReference section */
		DF0D0DFA29D4A222000056CF /* RMCharacterPhotoCollectionViewCell.swift */ = {isa = PBXFileReference; lastKnownFileType = sourcecode.swift; path = RMCharacterPhotoCollectionViewCell.swift; sourceTree = "<group>"; };
		DF0D0DFC29D4A23C000056CF /* RMCharacterInfoCollectionViewCell.swift */ = {isa = PBXFileReference; lastKnownFileType = sourcecode.swift; path = RMCharacterInfoCollectionViewCell.swift; sourceTree = "<group>"; };
		DF0D0DFE29D4A250000056CF /* RMCharacterEpisodeCollectionViewCell.swift */ = {isa = PBXFileReference; lastKnownFileType = sourcecode.swift; path = RMCharacterEpisodeCollectionViewCell.swift; sourceTree = "<group>"; };
		DF0D0E0129D4A305000056CF /* RMCharacterPhotoCollectionViewCellViewModel.swift */ = {isa = PBXFileReference; lastKnownFileType = sourcecode.swift; path = RMCharacterPhotoCollectionViewCellViewModel.swift; sourceTree = "<group>"; };
		DF0D0E0329D4A314000056CF /* RMCharacterInfoCollectionViewCellViewModel.swift */ = {isa = PBXFileReference; lastKnownFileType = sourcecode.swift; path = RMCharacterInfoCollectionViewCellViewModel.swift; sourceTree = "<group>"; };
		DF0D0E0529D4A327000056CF /* RMCharacterEpisodeCollectionViewCellViewModel.swift */ = {isa = PBXFileReference; lastKnownFileType = sourcecode.swift; path = RMCharacterEpisodeCollectionViewCellViewModel.swift; sourceTree = "<group>"; };
		DF0D6347299F9AB000E9B157 /* RMOrigin.swift */ = {isa = PBXFileReference; lastKnownFileType = sourcecode.swift; path = RMOrigin.swift; sourceTree = "<group>"; };
		DF0D6349299F9B8500E9B157 /* RMSingleLocation.swift */ = {isa = PBXFileReference; lastKnownFileType = sourcecode.swift; path = RMSingleLocation.swift; sourceTree = "<group>"; };
		DF0D634B299F9D1500E9B157 /* RMCharacterStatus.swift */ = {isa = PBXFileReference; lastKnownFileType = sourcecode.swift; path = RMCharacterStatus.swift; sourceTree = "<group>"; };
		DF0D634D299F9D6300E9B157 /* RMCharacterGender.swift */ = {isa = PBXFileReference; lastKnownFileType = sourcecode.swift; path = RMCharacterGender.swift; sourceTree = "<group>"; };
		DF27557929AFB079001764DF /* RMFooterLoadingCollectionReusableView.swift */ = {isa = PBXFileReference; lastKnownFileType = sourcecode.swift; path = RMFooterLoadingCollectionReusableView.swift; sourceTree = "<group>"; };
		DF325B5429ABC3CF00A601E5 /* RMGetAllCharactersResponse.swift */ = {isa = PBXFileReference; lastKnownFileType = sourcecode.swift; path = RMGetAllCharactersResponse.swift; sourceTree = "<group>"; };
		DF37EEF4299F877E00DB4756 /* RMService.swift */ = {isa = PBXFileReference; lastKnownFileType = sourcecode.swift; path = RMService.swift; sourceTree = "<group>"; };
		DF37EEF6299F878D00DB4756 /* RMRequest.swift */ = {isa = PBXFileReference; lastKnownFileType = sourcecode.swift; path = RMRequest.swift; sourceTree = "<group>"; };
		DF37EEF8299F88C400DB4756 /* RMEndpoint.swift */ = {isa = PBXFileReference; lastKnownFileType = sourcecode.swift; path = RMEndpoint.swift; sourceTree = "<group>"; };
		DF3FDB3829AE8FD80010662E /* RMCharacterDetailViewController.swift */ = {isa = PBXFileReference; lastKnownFileType = sourcecode.swift; path = RMCharacterDetailViewController.swift; sourceTree = "<group>"; };
		DF3FDB3A29AE90930010662E /* RMCharacterDetailView.swift */ = {isa = PBXFileReference; lastKnownFileType = sourcecode.swift; path = RMCharacterDetailView.swift; sourceTree = "<group>"; };
		DF3FDB3C29AE91010010662E /* RMCharacterDetailViewViewModel.swift */ = {isa = PBXFileReference; lastKnownFileType = sourcecode.swift; path = RMCharacterDetailViewViewModel.swift; sourceTree = "<group>"; };
		DF56B700299AC003007F3DBA /* RickAndMorty.app */ = {isa = PBXFileReference; explicitFileType = wrapper.application; includeInIndex = 0; path = RickAndMorty.app; sourceTree = BUILT_PRODUCTS_DIR; };
		DF56B703299AC003007F3DBA /* AppDelegate.swift */ = {isa = PBXFileReference; lastKnownFileType = sourcecode.swift; path = AppDelegate.swift; sourceTree = "<group>"; };
		DF56B705299AC003007F3DBA /* SceneDelegate.swift */ = {isa = PBXFileReference; lastKnownFileType = sourcecode.swift; path = SceneDelegate.swift; sourceTree = "<group>"; };
		DF56B707299AC003007F3DBA /* RMTabBarController.swift */ = {isa = PBXFileReference; lastKnownFileType = sourcecode.swift; path = RMTabBarController.swift; sourceTree = "<group>"; };
		DF56B70C299AC004007F3DBA /* Assets.xcassets */ = {isa = PBXFileReference; lastKnownFileType = folder.assetcatalog; path = Assets.xcassets; sourceTree = "<group>"; };
		DF56B70F299AC004007F3DBA /* Base */ = {isa = PBXFileReference; lastKnownFileType = file.storyboard; name = Base; path = Base.lproj/LaunchScreen.storyboard; sourceTree = "<group>"; };
		DF56B711299AC004007F3DBA /* Info.plist */ = {isa = PBXFileReference; lastKnownFileType = text.plist.xml; path = Info.plist; sourceTree = "<group>"; };
		DF56B720299AC275007F3DBA /* RMLocation.swift */ = {isa = PBXFileReference; lastKnownFileType = sourcecode.swift; path = RMLocation.swift; sourceTree = "<group>"; };
		DF56B722299AC28A007F3DBA /* RMCharacter.swift */ = {isa = PBXFileReference; lastKnownFileType = sourcecode.swift; path = RMCharacter.swift; sourceTree = "<group>"; };
		DF56B724299AC299007F3DBA /* RMEpisode.swift */ = {isa = PBXFileReference; lastKnownFileType = sourcecode.swift; path = RMEpisode.swift; sourceTree = "<group>"; };
		DF56B729299AC37C007F3DBA /* RMCharacterViewController.swift */ = {isa = PBXFileReference; lastKnownFileType = sourcecode.swift; path = RMCharacterViewController.swift; sourceTree = "<group>"; };
		DF56B72B299AC398007F3DBA /* RMLocationViewController.swift */ = {isa = PBXFileReference; lastKnownFileType = sourcecode.swift; path = RMLocationViewController.swift; sourceTree = "<group>"; };
		DF56B72D299AC3AC007F3DBA /* RMEpisodeViewController.swift */ = {isa = PBXFileReference; lastKnownFileType = sourcecode.swift; path = RMEpisodeViewController.swift; sourceTree = "<group>"; };
		DF56B72F299AC3CE007F3DBA /* RMSettingsViewController.swift */ = {isa = PBXFileReference; lastKnownFileType = sourcecode.swift; path = RMSettingsViewController.swift; sourceTree = "<group>"; };
		DF7EB96B29AE2C97003876D9 /* RMCharacterCollectionViewCell.swift */ = {isa = PBXFileReference; lastKnownFileType = sourcecode.swift; path = RMCharacterCollectionViewCell.swift; sourceTree = "<group>"; };
		DF7EB96D29AE2E84003876D9 /* RMCharacterCollectionViewCellViewModel.swift */ = {isa = PBXFileReference; lastKnownFileType = sourcecode.swift; path = RMCharacterCollectionViewCellViewModel.swift; sourceTree = "<group>"; };
		DFB2F39A29DD5C6D002D3EB0 /* RMEpisodeListView.swift */ = {isa = PBXFileReference; lastKnownFileType = sourcecode.swift; path = RMEpisodeListView.swift; sourceTree = "<group>"; };
		DFB2F39C29DD5FE6002D3EB0 /* RMEpisodeListViewViewModel.swift */ = {isa = PBXFileReference; lastKnownFileType = sourcecode.swift; path = RMEpisodeListViewViewModel.swift; sourceTree = "<group>"; };
		DFBBF78429B0C5F000DA7CB9 /* RMImageLoader.swift */ = {isa = PBXFileReference; lastKnownFileType = sourcecode.swift; path = RMImageLoader.swift; sourceTree = "<group>"; };
		DFCBEEE729AD261800A0B7B7 /* RMCharacterListViewViewModel.swift */ = {isa = PBXFileReference; lastKnownFileType = sourcecode.swift; path = RMCharacterListViewViewModel.swift; sourceTree = "<group>"; };
		DFCBEEE929AD272600A0B7B7 /* RMCharacterListView.swift */ = {isa = PBXFileReference; lastKnownFileType = sourcecode.swift; path = RMCharacterListView.swift; sourceTree = "<group>"; };
		DFCBEEEC29AD28AE00A0B7B7 /* Extensions.swift */ = {isa = PBXFileReference; lastKnownFileType = sourcecode.swift; path = Extensions.swift; sourceTree = "<group>"; };
		DFDA0FF429DC958000A9DBD0 /* RMEpisodeDetailViewController.swift */ = {isa = PBXFileReference; lastKnownFileType = sourcecode.swift; path = RMEpisodeDetailViewController.swift; sourceTree = "<group>"; };
		DFDA0FF629DC9DEE00A9DBD0 /* RMAPICacheManager.swift */ = {isa = PBXFileReference; lastKnownFileType = sourcecode.swift; path = RMAPICacheManager.swift; sourceTree = "<group>"; };
		DFDA0FF829DCA6B200A9DBD0 /* RMEpisodeDetailViewViewModel.swift */ = {isa = PBXFileReference; lastKnownFileType = sourcecode.swift; path = RMEpisodeDetailViewViewModel.swift; sourceTree = "<group>"; };
		DFDA0FFA29DCA73000A9DBD0 /* RMEpisodeDetailView.swift */ = {isa = PBXFileReference; lastKnownFileType = sourcecode.swift; path = RMEpisodeDetailView.swift; sourceTree = "<group>"; };
		DFF1170629E80BA400D04FBD /* RMSearchViewController.swift */ = {isa = PBXFileReference; lastKnownFileType = sourcecode.swift; path = RMSearchViewController.swift; sourceTree = "<group>"; };
		DFFA7F9729E69CDE006A5810 /* RMGetAllEpisodesResponse.swift */ = {isa = PBXFileReference; lastKnownFileType = sourcecode.swift; path = RMGetAllEpisodesResponse.swift; sourceTree = "<group>"; };
/* End PBXFileReference section */

/* Begin PBXFrameworksBuildPhase section */
		DF56B6FD299AC003007F3DBA /* Frameworks */ = {
			isa = PBXFrameworksBuildPhase;
			buildActionMask = 2147483647;
			files = (
			);
			runOnlyForDeploymentPostprocessing = 0;
		};
/* End PBXFrameworksBuildPhase section */

/* Begin PBXGroup section */
		DF0D0DF829D4A1A5000056CF /* CharacterDetails */ = {
			isa = PBXGroup;
			children = (
				DF3FDB3A29AE90930010662E /* RMCharacterDetailView.swift */,
				DF0D0DFA29D4A222000056CF /* RMCharacterPhotoCollectionViewCell.swift */,
				DF0D0DFC29D4A23C000056CF /* RMCharacterInfoCollectionViewCell.swift */,
				DF0D0DFE29D4A250000056CF /* RMCharacterEpisodeCollectionViewCell.swift */,
			);
			path = CharacterDetails;
			sourceTree = "<group>";
		};
		DF0D0DF929D4A1D7000056CF /* Character */ = {
			isa = PBXGroup;
			children = (
				DFCBEEE929AD272600A0B7B7 /* RMCharacterListView.swift */,
				DF7EB96B29AE2C97003876D9 /* RMCharacterCollectionViewCell.swift */,
			);
			path = Character;
			sourceTree = "<group>";
		};
		DF0D0E0029D4A2B2000056CF /* CharacterDetail */ = {
			isa = PBXGroup;
			children = (
				DF3FDB3C29AE91010010662E /* RMCharacterDetailViewViewModel.swift */,
				DF0D0E0129D4A305000056CF /* RMCharacterPhotoCollectionViewCellViewModel.swift */,
				DF0D0E0329D4A314000056CF /* RMCharacterInfoCollectionViewCellViewModel.swift */,
				DF0D0E0529D4A327000056CF /* RMCharacterEpisodeCollectionViewCellViewModel.swift */,
			);
			path = CharacterDetail;
			sourceTree = "<group>";
		};
		DF325B5029ABC36000A601E5 /* DataTypes */ = {
			isa = PBXGroup;
			children = (
				DF56B720299AC275007F3DBA /* RMLocation.swift */,
				DF56B722299AC28A007F3DBA /* RMCharacter.swift */,
				DF0D634D299F9D6300E9B157 /* RMCharacterGender.swift */,
				DF56B724299AC299007F3DBA /* RMEpisode.swift */,
				DF0D6347299F9AB000E9B157 /* RMOrigin.swift */,
				DF0D6349299F9B8500E9B157 /* RMSingleLocation.swift */,
				DF0D634B299F9D1500E9B157 /* RMCharacterStatus.swift */,
			);
			path = DataTypes;
			sourceTree = "<group>";
		};
		DF325B5129ABC37D00A601E5 /* APIResponceTypes */ = {
			isa = PBXGroup;
			children = (
				DF325B5429ABC3CF00A601E5 /* RMGetAllCharactersResponse.swift */,
				DFFA7F9729E69CDE006A5810 /* RMGetAllEpisodesResponse.swift */,
			);
			path = APIResponceTypes;
			sourceTree = "<group>";
		};
		DF3FDB3729AE8FB30010662E /* Other */ = {
			isa = PBXGroup;
			children = (
				DF3FDB3829AE8FD80010662E /* RMCharacterDetailViewController.swift */,
				DFF1170629E80BA400D04FBD /* RMSearchViewController.swift */,
				DFDA0FF429DC958000A9DBD0 /* RMEpisodeDetailViewController.swift */,
			);
			path = Other;
			sourceTree = "<group>";
		};
		DF56B6F7299AC003007F3DBA = {
			isa = PBXGroup;
			children = (
				DF56B702299AC003007F3DBA /* RickAndMorty */,
				DF56B701299AC003007F3DBA /* Products */,
			);
			sourceTree = "<group>";
		};
		DF56B701299AC003007F3DBA /* Products */ = {
			isa = PBXGroup;
			children = (
				DF56B700299AC003007F3DBA /* RickAndMorty.app */,
			);
			name = Products;
			sourceTree = "<group>";
		};
		DF56B702299AC003007F3DBA /* RickAndMorty */ = {
			isa = PBXGroup;
			children = (
				DFCBEEEB29AD289F00A0B7B7 /* Utils */,
				DF56B71D299AC192007F3DBA /* Resources */,
				DF56B71C299AC18A007F3DBA /* Managers */,
				DF56B71B299AC17D007F3DBA /* APIClient */,
				DF56B71A299AC171007F3DBA /* ViewModels */,
				DF56B719299AC166007F3DBA /* Views */,
				DF56B718299AC15D007F3DBA /* Models */,
				DF56B717299AC153007F3DBA /* Controllers */,
				DF3FDB3729AE8FB30010662E /* Other */,
				DF56B711299AC004007F3DBA /* Info.plist */,
			);
			path = RickAndMorty;
			sourceTree = "<group>";
		};
		DF56B717299AC153007F3DBA /* Controllers */ = {
			isa = PBXGroup;
			children = (
				DF56B726299AC2D8007F3DBA /* Core */,
			);
			path = Controllers;
			sourceTree = "<group>";
		};
		DF56B718299AC15D007F3DBA /* Models */ = {
			isa = PBXGroup;
			children = (
				DF325B5129ABC37D00A601E5 /* APIResponceTypes */,
				DF325B5029ABC36000A601E5 /* DataTypes */,
			);
			path = Models;
			sourceTree = "<group>";
		};
		DF56B719299AC166007F3DBA /* Views */ = {
			isa = PBXGroup;
			children = (
				DFB2F39929DD5C4D002D3EB0 /* Episode */,
				DF0D0DF829D4A1A5000056CF /* CharacterDetails */,
				DF0D0DF929D4A1D7000056CF /* Character */,
				DF27557929AFB079001764DF /* RMFooterLoadingCollectionReusableView.swift */,
				DFDA0FFA29DCA73000A9DBD0 /* RMEpisodeDetailView.swift */,
			);
			path = Views;
			sourceTree = "<group>";
		};
		DF56B71A299AC171007F3DBA /* ViewModels */ = {
			isa = PBXGroup;
			children = (
				DF0D0E0029D4A2B2000056CF /* CharacterDetail */,
				DFCBEEE729AD261800A0B7B7 /* RMCharacterListViewViewModel.swift */,
				DF7EB96D29AE2E84003876D9 /* RMCharacterCollectionViewCellViewModel.swift */,
				DFDA0FF829DCA6B200A9DBD0 /* RMEpisodeDetailViewViewModel.swift */,
				DFB2F39C29DD5FE6002D3EB0 /* RMEpisodeListViewViewModel.swift */,
			);
			path = ViewModels;
			sourceTree = "<group>";
		};
		DF56B71B299AC17D007F3DBA /* APIClient */ = {
			isa = PBXGroup;
			children = (
				DF37EEF4299F877E00DB4756 /* RMService.swift */,
				DF37EEF6299F878D00DB4756 /* RMRequest.swift */,
				DF37EEF8299F88C400DB4756 /* RMEndpoint.swift */,
			);
			path = APIClient;
			sourceTree = "<group>";
		};
		DF56B71C299AC18A007F3DBA /* Managers */ = {
			isa = PBXGroup;
			children = (
				DFBBF78429B0C5F000DA7CB9 /* RMImageLoader.swift */,
				DFDA0FF629DC9DEE00A9DBD0 /* RMAPICacheManager.swift */,
			);
			path = Managers;
			sourceTree = "<group>";
		};
		DF56B71D299AC192007F3DBA /* Resources */ = {
			isa = PBXGroup;
			children = (
				DF56B703299AC003007F3DBA /* AppDelegate.swift */,
				DF56B705299AC003007F3DBA /* SceneDelegate.swift */,
				DF56B70C299AC004007F3DBA /* Assets.xcassets */,
				DF56B70E299AC004007F3DBA /* LaunchScreen.storyboard */,
			);
			path = Resources;
			sourceTree = "<group>";
		};
		DF56B726299AC2D8007F3DBA /* Core */ = {
			isa = PBXGroup;
			children = (
				DF56B707299AC003007F3DBA /* RMTabBarController.swift */,
				DF56B72B299AC398007F3DBA /* RMLocationViewController.swift */,
				DF56B72D299AC3AC007F3DBA /* RMEpisodeViewController.swift */,
				DF56B72F299AC3CE007F3DBA /* RMSettingsViewController.swift */,
				DF56B729299AC37C007F3DBA /* RMCharacterViewController.swift */,
			);
			path = Core;
			sourceTree = "<group>";
		};
		DFB2F39929DD5C4D002D3EB0 /* Episode */ = {
			isa = PBXGroup;
			children = (
				DFB2F39A29DD5C6D002D3EB0 /* RMEpisodeListView.swift */,
			);
			path = Episode;
			sourceTree = "<group>";
		};
		DFCBEEEB29AD289F00A0B7B7 /* Utils */ = {
			isa = PBXGroup;
			children = (
				DFCBEEEC29AD28AE00A0B7B7 /* Extensions.swift */,
			);
			path = Utils;
			sourceTree = "<group>";
		};
/* End PBXGroup section */

/* Begin PBXNativeTarget section */
		DF56B6FF299AC003007F3DBA /* RickAndMorty */ = {
			isa = PBXNativeTarget;
			buildConfigurationList = DF56B714299AC004007F3DBA /* Build configuration list for PBXNativeTarget "RickAndMorty" */;
			buildPhases = (
				DF56B6FC299AC003007F3DBA /* Sources */,
				DF56B6FD299AC003007F3DBA /* Frameworks */,
				DF56B6FE299AC003007F3DBA /* Resources */,
			);
			buildRules = (
			);
			dependencies = (
			);
			name = RickAndMorty;
			productName = RickAndMorty;
			productReference = DF56B700299AC003007F3DBA /* RickAndMorty.app */;
			productType = "com.apple.product-type.application";
		};
/* End PBXNativeTarget section */

/* Begin PBXProject section */
		DF56B6F8299AC003007F3DBA /* Project object */ = {
			isa = PBXProject;
			attributes = {
				BuildIndependentTargetsInParallel = 1;
				LastSwiftUpdateCheck = 1410;
				LastUpgradeCheck = 1410;
				TargetAttributes = {
					DF56B6FF299AC003007F3DBA = {
						CreatedOnToolsVersion = 14.1;
					};
				};
			};
			buildConfigurationList = DF56B6FB299AC003007F3DBA /* Build configuration list for PBXProject "RickAndMorty" */;
			compatibilityVersion = "Xcode 14.0";
			developmentRegion = en;
			hasScannedForEncodings = 0;
			knownRegions = (
				en,
				Base,
			);
			mainGroup = DF56B6F7299AC003007F3DBA;
			productRefGroup = DF56B701299AC003007F3DBA /* Products */;
			projectDirPath = "";
			projectRoot = "";
			targets = (
				DF56B6FF299AC003007F3DBA /* RickAndMorty */,
			);
		};
/* End PBXProject section */

/* Begin PBXResourcesBuildPhase section */
		DF56B6FE299AC003007F3DBA /* Resources */ = {
			isa = PBXResourcesBuildPhase;
			buildActionMask = 2147483647;
			files = (
				DF56B710299AC004007F3DBA /* LaunchScreen.storyboard in Resources */,
				DF56B70D299AC004007F3DBA /* Assets.xcassets in Resources */,
			);
			runOnlyForDeploymentPostprocessing = 0;
		};
/* End PBXResourcesBuildPhase section */

/* Begin PBXSourcesBuildPhase section */
		DF56B6FC299AC003007F3DBA /* Sources */ = {
			isa = PBXSourcesBuildPhase;
			buildActionMask = 2147483647;
			files = (
				DF0D6348299F9AB000E9B157 /* RMOrigin.swift in Sources */,
				DF3FDB3D29AE91010010662E /* RMCharacterDetailViewViewModel.swift in Sources */,
				DF0D634A299F9B8500E9B157 /* RMSingleLocation.swift in Sources */,
				DFF1170729E80BA400D04FBD /* RMSearchViewController.swift in Sources */,
				DFCBEEEA29AD272600A0B7B7 /* RMCharacterListView.swift in Sources */,
				DF325B5529ABC3CF00A601E5 /* RMGetAllCharactersResponse.swift in Sources */,
				DF0D634C299F9D1500E9B157 /* RMCharacterStatus.swift in Sources */,
				DF0D634E299F9D6300E9B157 /* RMCharacterGender.swift in Sources */,
				DF3FDB3929AE8FD80010662E /* RMCharacterDetailViewController.swift in Sources */,
				DF27557A29AFB079001764DF /* RMFooterLoadingCollectionReusableView.swift in Sources */,
				DFB2F39B29DD5C6D002D3EB0 /* RMEpisodeListView.swift in Sources */,
				DF56B72C299AC398007F3DBA /* RMLocationViewController.swift in Sources */,
				DF56B725299AC299007F3DBA /* RMEpisode.swift in Sources */,
				DF0D0DFD29D4A23C000056CF /* RMCharacterInfoCollectionViewCell.swift in Sources */,
				DF56B708299AC003007F3DBA /* RMTabBarController.swift in Sources */,
				DF7EB96C29AE2C97003876D9 /* RMCharacterCollectionViewCell.swift in Sources */,
				DF0D0E0429D4A314000056CF /* RMCharacterInfoCollectionViewCellViewModel.swift in Sources */,
				DF56B72E299AC3AC007F3DBA /* RMEpisodeViewController.swift in Sources */,
				DFBBF78529B0C5F000DA7CB9 /* RMImageLoader.swift in Sources */,
				DF56B704299AC003007F3DBA /* AppDelegate.swift in Sources */,
				DF56B706299AC003007F3DBA /* SceneDelegate.swift in Sources */,
				DF0D0DFB29D4A222000056CF /* RMCharacterPhotoCollectionViewCell.swift in Sources */,
				DF0D0E0629D4A327000056CF /* RMCharacterEpisodeCollectionViewCellViewModel.swift in Sources */,
				DF56B730299AC3CE007F3DBA /* RMSettingsViewController.swift in Sources */,
				DFCBEEED29AD28AE00A0B7B7 /* Extensions.swift in Sources */,
				DF0D0E0229D4A305000056CF /* RMCharacterPhotoCollectionViewCellViewModel.swift in Sources */,
				DF37EEF5299F877E00DB4756 /* RMService.swift in Sources */,
				DF56B721299AC275007F3DBA /* RMLocation.swift in Sources */,
				DF37EEF9299F88C400DB4756 /* RMEndpoint.swift in Sources */,
				DFDA0FF529DC958000A9DBD0 /* RMEpisodeDetailViewController.swift in Sources */,
				DFDA0FFB29DCA73000A9DBD0 /* RMEpisodeDetailView.swift in Sources */,
				DF56B723299AC28A007F3DBA /* RMCharacter.swift in Sources */,
				DF7EB96E29AE2E84003876D9 /* RMCharacterCollectionViewCellViewModel.swift in Sources */,
				DF37EEF7299F878D00DB4756 /* RMRequest.swift in Sources */,
				DFCBEEE829AD261800A0B7B7 /* RMCharacterListViewViewModel.swift in Sources */,
				DF0D0DFF29D4A250000056CF /* RMCharacterEpisodeCollectionViewCell.swift in Sources */,
				DF56B72A299AC37C007F3DBA /* RMCharacterViewController.swift in Sources */,
				DFB2F39D29DD5FE6002D3EB0 /* RMEpisodeListViewViewModel.swift in Sources */,
				DFDA0FF729DC9DEE00A9DBD0 /* RMAPICacheManager.swift in Sources */,
				DFFA7F9829E69CDE006A5810 /* RMGetAllEpisodesResponse.swift in Sources */,
				DFDA0FF929DCA6B200A9DBD0 /* RMEpisodeDetailViewViewModel.swift in Sources */,
				DF3FDB3B29AE90930010662E /* RMCharacterDetailView.swift in Sources */,
			);
			runOnlyForDeploymentPostprocessing = 0;
		};
/* End PBXSourcesBuildPhase section */

/* Begin PBXVariantGroup section */
		DF56B70E299AC004007F3DBA /* LaunchScreen.storyboard */ = {
			isa = PBXVariantGroup;
			children = (
				DF56B70F299AC004007F3DBA /* Base */,
			);
			name = LaunchScreen.storyboard;
			sourceTree = "<group>";
		};
/* End PBXVariantGroup section */

/* Begin XCBuildConfiguration section */
		DF56B712299AC004007F3DBA /* Debug */ = {
			isa = XCBuildConfiguration;
			buildSettings = {
				ALWAYS_SEARCH_USER_PATHS = NO;
				CLANG_ANALYZER_NONNULL = YES;
				CLANG_ANALYZER_NUMBER_OBJECT_CONVERSION = YES_AGGRESSIVE;
				CLANG_CXX_LANGUAGE_STANDARD = "gnu++20";
				CLANG_ENABLE_MODULES = YES;
				CLANG_ENABLE_OBJC_ARC = YES;
				CLANG_ENABLE_OBJC_WEAK = YES;
				CLANG_WARN_BLOCK_CAPTURE_AUTORELEASING = YES;
				CLANG_WARN_BOOL_CONVERSION = YES;
				CLANG_WARN_COMMA = YES;
				CLANG_WARN_CONSTANT_CONVERSION = YES;
				CLANG_WARN_DEPRECATED_OBJC_IMPLEMENTATIONS = YES;
				CLANG_WARN_DIRECT_OBJC_ISA_USAGE = YES_ERROR;
				CLANG_WARN_DOCUMENTATION_COMMENTS = YES;
				CLANG_WARN_EMPTY_BODY = YES;
				CLANG_WARN_ENUM_CONVERSION = YES;
				CLANG_WARN_INFINITE_RECURSION = YES;
				CLANG_WARN_INT_CONVERSION = YES;
				CLANG_WARN_NON_LITERAL_NULL_CONVERSION = YES;
				CLANG_WARN_OBJC_IMPLICIT_RETAIN_SELF = YES;
				CLANG_WARN_OBJC_LITERAL_CONVERSION = YES;
				CLANG_WARN_OBJC_ROOT_CLASS = YES_ERROR;
				CLANG_WARN_QUOTED_INCLUDE_IN_FRAMEWORK_HEADER = YES;
				CLANG_WARN_RANGE_LOOP_ANALYSIS = YES;
				CLANG_WARN_STRICT_PROTOTYPES = YES;
				CLANG_WARN_SUSPICIOUS_MOVE = YES;
				CLANG_WARN_UNGUARDED_AVAILABILITY = YES_AGGRESSIVE;
				CLANG_WARN_UNREACHABLE_CODE = YES;
				CLANG_WARN__DUPLICATE_METHOD_MATCH = YES;
				COPY_PHASE_STRIP = NO;
				DEBUG_INFORMATION_FORMAT = dwarf;
				ENABLE_STRICT_OBJC_MSGSEND = YES;
				ENABLE_TESTABILITY = YES;
				GCC_C_LANGUAGE_STANDARD = gnu11;
				GCC_DYNAMIC_NO_PIC = NO;
				GCC_NO_COMMON_BLOCKS = YES;
				GCC_OPTIMIZATION_LEVEL = 0;
				GCC_PREPROCESSOR_DEFINITIONS = (
					"DEBUG=1",
					"$(inherited)",
				);
				GCC_WARN_64_TO_32_BIT_CONVERSION = YES;
				GCC_WARN_ABOUT_RETURN_TYPE = YES_ERROR;
				GCC_WARN_UNDECLARED_SELECTOR = YES;
				GCC_WARN_UNINITIALIZED_AUTOS = YES_AGGRESSIVE;
				GCC_WARN_UNUSED_FUNCTION = YES;
				GCC_WARN_UNUSED_VARIABLE = YES;
				IPHONEOS_DEPLOYMENT_TARGET = 16.1;
				MTL_ENABLE_DEBUG_INFO = INCLUDE_SOURCE;
				MTL_FAST_MATH = YES;
				ONLY_ACTIVE_ARCH = YES;
				SDKROOT = iphoneos;
				SWIFT_ACTIVE_COMPILATION_CONDITIONS = DEBUG;
				SWIFT_OPTIMIZATION_LEVEL = "-Onone";
			};
			name = Debug;
		};
		DF56B713299AC004007F3DBA /* Release */ = {
			isa = XCBuildConfiguration;
			buildSettings = {
				ALWAYS_SEARCH_USER_PATHS = NO;
				CLANG_ANALYZER_NONNULL = YES;
				CLANG_ANALYZER_NUMBER_OBJECT_CONVERSION = YES_AGGRESSIVE;
				CLANG_CXX_LANGUAGE_STANDARD = "gnu++20";
				CLANG_ENABLE_MODULES = YES;
				CLANG_ENABLE_OBJC_ARC = YES;
				CLANG_ENABLE_OBJC_WEAK = YES;
				CLANG_WARN_BLOCK_CAPTURE_AUTORELEASING = YES;
				CLANG_WARN_BOOL_CONVERSION = YES;
				CLANG_WARN_COMMA = YES;
				CLANG_WARN_CONSTANT_CONVERSION = YES;
				CLANG_WARN_DEPRECATED_OBJC_IMPLEMENTATIONS = YES;
				CLANG_WARN_DIRECT_OBJC_ISA_USAGE = YES_ERROR;
				CLANG_WARN_DOCUMENTATION_COMMENTS = YES;
				CLANG_WARN_EMPTY_BODY = YES;
				CLANG_WARN_ENUM_CONVERSION = YES;
				CLANG_WARN_INFINITE_RECURSION = YES;
				CLANG_WARN_INT_CONVERSION = YES;
				CLANG_WARN_NON_LITERAL_NULL_CONVERSION = YES;
				CLANG_WARN_OBJC_IMPLICIT_RETAIN_SELF = YES;
				CLANG_WARN_OBJC_LITERAL_CONVERSION = YES;
				CLANG_WARN_OBJC_ROOT_CLASS = YES_ERROR;
				CLANG_WARN_QUOTED_INCLUDE_IN_FRAMEWORK_HEADER = YES;
				CLANG_WARN_RANGE_LOOP_ANALYSIS = YES;
				CLANG_WARN_STRICT_PROTOTYPES = YES;
				CLANG_WARN_SUSPICIOUS_MOVE = YES;
				CLANG_WARN_UNGUARDED_AVAILABILITY = YES_AGGRESSIVE;
				CLANG_WARN_UNREACHABLE_CODE = YES;
				CLANG_WARN__DUPLICATE_METHOD_MATCH = YES;
				COPY_PHASE_STRIP = NO;
				DEBUG_INFORMATION_FORMAT = "dwarf-with-dsym";
				ENABLE_NS_ASSERTIONS = NO;
				ENABLE_STRICT_OBJC_MSGSEND = YES;
				GCC_C_LANGUAGE_STANDARD = gnu11;
				GCC_NO_COMMON_BLOCKS = YES;
				GCC_WARN_64_TO_32_BIT_CONVERSION = YES;
				GCC_WARN_ABOUT_RETURN_TYPE = YES_ERROR;
				GCC_WARN_UNDECLARED_SELECTOR = YES;
				GCC_WARN_UNINITIALIZED_AUTOS = YES_AGGRESSIVE;
				GCC_WARN_UNUSED_FUNCTION = YES;
				GCC_WARN_UNUSED_VARIABLE = YES;
				IPHONEOS_DEPLOYMENT_TARGET = 16.1;
				MTL_ENABLE_DEBUG_INFO = NO;
				MTL_FAST_MATH = YES;
				SDKROOT = iphoneos;
				SWIFT_COMPILATION_MODE = wholemodule;
				SWIFT_OPTIMIZATION_LEVEL = "-O";
				VALIDATE_PRODUCT = YES;
			};
			name = Release;
		};
		DF56B715299AC004007F3DBA /* Debug */ = {
			isa = XCBuildConfiguration;
			buildSettings = {
				ASSETCATALOG_COMPILER_APPICON_NAME = AppIcon;
				ASSETCATALOG_COMPILER_GLOBAL_ACCENT_COLOR_NAME = AccentColor;
				CODE_SIGN_STYLE = Automatic;
				CURRENT_PROJECT_VERSION = 1;
				DEVELOPMENT_TEAM = UNQVQM5ZA2;
				GENERATE_INFOPLIST_FILE = YES;
				INFOPLIST_FILE = RickAndMorty/Info.plist;
				INFOPLIST_KEY_UIApplicationSupportsIndirectInputEvents = YES;
				INFOPLIST_KEY_UILaunchStoryboardName = LaunchScreen;
				INFOPLIST_KEY_UISupportedInterfaceOrientations_iPad = "UIInterfaceOrientationPortrait UIInterfaceOrientationPortraitUpsideDown UIInterfaceOrientationLandscapeLeft UIInterfaceOrientationLandscapeRight";
				INFOPLIST_KEY_UISupportedInterfaceOrientations_iPhone = "UIInterfaceOrientationPortrait UIInterfaceOrientationLandscapeLeft UIInterfaceOrientationLandscapeRight";
				LD_RUNPATH_SEARCH_PATHS = (
					"$(inherited)",
					"@executable_path/Frameworks",
				);
				MARKETING_VERSION = 1.0;
				PRODUCT_BUNDLE_IDENTIFIER = Practice.RickAndMorty;
				PRODUCT_NAME = "$(TARGET_NAME)";
				SWIFT_EMIT_LOC_STRINGS = YES;
				SWIFT_VERSION = 5.0;
				TARGETED_DEVICE_FAMILY = "1,2";
			};
			name = Debug;
		};
		DF56B716299AC004007F3DBA /* Release */ = {
			isa = XCBuildConfiguration;
			buildSettings = {
				ASSETCATALOG_COMPILER_APPICON_NAME = AppIcon;
				ASSETCATALOG_COMPILER_GLOBAL_ACCENT_COLOR_NAME = AccentColor;
				CODE_SIGN_STYLE = Automatic;
				CURRENT_PROJECT_VERSION = 1;
				DEVELOPMENT_TEAM = UNQVQM5ZA2;
				GENERATE_INFOPLIST_FILE = YES;
				INFOPLIST_FILE = RickAndMorty/Info.plist;
				INFOPLIST_KEY_UIApplicationSupportsIndirectInputEvents = YES;
				INFOPLIST_KEY_UILaunchStoryboardName = LaunchScreen;
				INFOPLIST_KEY_UISupportedInterfaceOrientations_iPad = "UIInterfaceOrientationPortrait UIInterfaceOrientationPortraitUpsideDown UIInterfaceOrientationLandscapeLeft UIInterfaceOrientationLandscapeRight";
				INFOPLIST_KEY_UISupportedInterfaceOrientations_iPhone = "UIInterfaceOrientationPortrait UIInterfaceOrientationLandscapeLeft UIInterfaceOrientationLandscapeRight";
				LD_RUNPATH_SEARCH_PATHS = (
					"$(inherited)",
					"@executable_path/Frameworks",
				);
				MARKETING_VERSION = 1.0;
				PRODUCT_BUNDLE_IDENTIFIER = Practice.RickAndMorty;
				PRODUCT_NAME = "$(TARGET_NAME)";
				SWIFT_EMIT_LOC_STRINGS = YES;
				SWIFT_VERSION = 5.0;
				TARGETED_DEVICE_FAMILY = "1,2";
			};
			name = Release;
		};
/* End XCBuildConfiguration section */

/* Begin XCConfigurationList section */
		DF56B6FB299AC003007F3DBA /* Build configuration list for PBXProject "RickAndMorty" */ = {
			isa = XCConfigurationList;
			buildConfigurations = (
				DF56B712299AC004007F3DBA /* Debug */,
				DF56B713299AC004007F3DBA /* Release */,
			);
			defaultConfigurationIsVisible = 0;
			defaultConfigurationName = Release;
		};
		DF56B714299AC004007F3DBA /* Build configuration list for PBXNativeTarget "RickAndMorty" */ = {
			isa = XCConfigurationList;
			buildConfigurations = (
				DF56B715299AC004007F3DBA /* Debug */,
				DF56B716299AC004007F3DBA /* Release */,
			);
			defaultConfigurationIsVisible = 0;
			defaultConfigurationName = Release;
		};
/* End XCConfigurationList section */
	};
	rootObject = DF56B6F8299AC003007F3DBA /* Project object */;
}
